
Microsoft Visual Studio Solution File, Format Version 12.00
# Visual Studio Version 17
VisualStudioVersion = 17.12.35707.178 d17.12
MinimumVisualStudioVersion = 10.0.40219.1
Project("{FAE04EC0-301F-11D3-BF4B-00C04F79EFBC}") = "Zavod", "Zavod\Zavod.csproj", "{A2919DAE-97F8-4FFD-920E-7F5C48A9CB99}"
	ProjectSection(ProjectDependencies) = postProject
		{5BAD886A-9AAA-4292-AC98-C78E3626304B} = {5BAD886A-9AAA-4292-AC98-C78E3626304B}
	EndProjectSection
EndProject
Project("{FAE04EC0-301F-11D3-BF4B-00C04F79EFBC}") = "ClassLibrary", "ClassLibrary\ClassLibrary.csproj", "{5BAD886A-9AAA-4292-AC98-C78E3626304B}"
EndProject
Global
	GlobalSection(SolutionConfigurationPlatforms) = preSolution
		Debug|Any CPU = Debug|Any CPU
		Release|Any CPU = Release|Any CPU
	EndGlobalSection
	GlobalSection(ProjectConfigurationPlatforms) = postSolution
		{A2919DAE-97F8-4FFD-920E-7F5C48A9CB99}.Debug|Any CPU.ActiveCfg = Debug|Any CPU
		{A2919DAE-97F8-4FFD-920E-7F5C48A9CB99}.Debug|Any CPU.Build.0 = Debug|Any CPU
		{A2919DAE-97F8-4FFD-920E-7F5C48A9CB99}.Release|Any CPU.ActiveCfg = Release|Any CPU
		{A2919DAE-97F8-4FFD-920E-7F5C48A9CB99}.Release|Any CPU.Build.0 = Release|Any CPU
		{5BAD886A-9AAA-4292-AC98-C78E3626304B}.Debug|Any CPU.ActiveCfg = Debug|Any CPU
		{5BAD886A-9AAA-4292-AC98-C78E3626304B}.Debug|Any CPU.Build.0 = Debug|Any CPU
		{5BAD886A-9AAA-4292-AC98-C78E3626304B}.Release|Any CPU.ActiveCfg = Release|Any CPU
		{5BAD886A-9AAA-4292-AC98-C78E3626304B}.Release|Any CPU.Build.0 = Release|Any CPU
	EndGlobalSection
	GlobalSection(SolutionProperties) = preSolution
		HideSolutionNode = FALSE
	EndGlobalSection
EndGlobal
